
Microsoft Visual Studio Solution File, Format Version 12.00
# Visual Studio Version 17
VisualStudioVersion = 17.11.35327.3
MinimumVisualStudioVersion = 10.0.40219.1
Project("{FAE04EC0-301F-11D3-BF4B-00C04F79EFBC}") = "App", "src\App\App.csproj", "{ED36F367-265D-4925-8DFE-443E53248B26}"
EndProject
Project("{FAE04EC0-301F-11D3-BF4B-00C04F79EFBC}") = "Data", "src\Data\Data.csproj", "{59CE62E7-CABA-4A9E-91DD-2C4EC05175E4}"
EndProject
Project("{FAE04EC0-301F-11D3-BF4B-00C04F79EFBC}") = "Business", "src\Business\Business.csproj", "{12C47BFD-56D0-4752-A40D-8804D1B60312}"
EndProject
Global
	GlobalSection(SolutionConfigurationPlatforms) = preSolution
		Debug|Any CPU = Debug|Any CPU
		Release|Any CPU = Release|Any CPU
	EndGlobalSection
	GlobalSection(ProjectConfigurationPlatforms) = postSolution
		{ED36F367-265D-4925-8DFE-443E53248B26}.Debug|Any CPU.ActiveCfg = Debug|Any CPU
		{ED36F367-265D-4925-8DFE-443E53248B26}.Debug|Any CPU.Build.0 = Debug|Any CPU
		{ED36F367-265D-4925-8DFE-443E53248B26}.Release|Any CPU.ActiveCfg = Release|Any CPU
		{ED36F367-265D-4925-8DFE-443E53248B26}.Release|Any CPU.Build.0 = Release|Any CPU
		{59CE62E7-CABA-4A9E-91DD-2C4EC05175E4}.Debug|Any CPU.ActiveCfg = Debug|Any CPU
		{59CE62E7-CABA-4A9E-91DD-2C4EC05175E4}.Debug|Any CPU.Build.0 = Debug|Any CPU
		{59CE62E7-CABA-4A9E-91DD-2C4EC05175E4}.Release|Any CPU.ActiveCfg = Release|Any CPU
		{59CE62E7-CABA-4A9E-91DD-2C4EC05175E4}.Release|Any CPU.Build.0 = Release|Any CPU
		{12C47BFD-56D0-4752-A40D-8804D1B60312}.Debug|Any CPU.ActiveCfg = Debug|Any CPU
		{12C47BFD-56D0-4752-A40D-8804D1B60312}.Debug|Any CPU.Build.0 = Debug|Any CPU
		{12C47BFD-56D0-4752-A40D-8804D1B60312}.Release|Any CPU.ActiveCfg = Release|Any CPU
		{12C47BFD-56D0-4752-A40D-8804D1B60312}.Release|Any CPU.Build.0 = Release|Any CPU
	EndGlobalSection
	GlobalSection(SolutionProperties) = preSolution
		HideSolutionNode = FALSE
	EndGlobalSection
	GlobalSection(ExtensibilityGlobals) = postSolution
		SolutionGuid = {73ADD1DD-9880-43D5-9182-97CFB8862B47}
	EndGlobalSection
EndGlobal
